
Microsoft Visual Studio Solution File, Format Version 12.00
# Visual Studio Version 17
VisualStudioVersion = 17.0.31903.59
MinimumVisualStudioVersion = 10.0.40219.1
Project("{FAE04EC0-301F-11D3-BF4B-00C04F79EFBC}") = "Producer", "Producer\Producer.csproj", "{218B49D7-170E-489F-9538-4324AE84A413}"
EndProject
Project("{FAE04EC0-301F-11D3-BF4B-00C04F79EFBC}") = "Consumer", "Consumer\Consumer.csproj", "{08A47DE6-55EB-4360-908E-05F50A4B214A}"
EndProject
Global
	GlobalSection(SolutionConfigurationPlatforms) = preSolution
		Debug|Any CPU = Debug|Any CPU
		Release|Any CPU = Release|Any CPU
	EndGlobalSection
	GlobalSection(SolutionProperties) = preSolution
		HideSolutionNode = FALSE
	EndGlobalSection
	GlobalSection(ProjectConfigurationPlatforms) = postSolution
		{218B49D7-170E-489F-9538-4324AE84A413}.Debug|Any CPU.ActiveCfg = Debug|Any CPU
		{218B49D7-170E-489F-9538-4324AE84A413}.Debug|Any CPU.Build.0 = Debug|Any CPU
		{218B49D7-170E-489F-9538-4324AE84A413}.Release|Any CPU.ActiveCfg = Release|Any CPU
		{218B49D7-170E-489F-9538-4324AE84A413}.Release|Any CPU.Build.0 = Release|Any CPU
		{08A47DE6-55EB-4360-908E-05F50A4B214A}.Debug|Any CPU.ActiveCfg = Debug|Any CPU
		{08A47DE6-55EB-4360-908E-05F50A4B214A}.Debug|Any CPU.Build.0 = Debug|Any CPU
		{08A47DE6-55EB-4360-908E-05F50A4B214A}.Release|Any CPU.ActiveCfg = Release|Any CPU
		{08A47DE6-55EB-4360-908E-05F50A4B214A}.Release|Any CPU.Build.0 = Release|Any CPU
	EndGlobalSection
EndGlobal
