
Microsoft Visual Studio Solution File, Format Version 12.00
# Visual Studio Version 17
VisualStudioVersion = 17.0.31903.59
MinimumVisualStudioVersion = 10.0.40219.1
Project("{FAE04EC0-301F-11D3-BF4B-00C04F79EFBC}") = "MicroRabbit.Domain.Core", "MicroRabbit.Domain.Core\MicroRabbit.Domain.Core.csproj", "{69E8B01E-D50D-43A1-8A70-287CA07C57A9}"
EndProject
Project("{FAE04EC0-301F-11D3-BF4B-00C04F79EFBC}") = "MicroRabbit.infra.Bus", "MicroRabbit.infra.Bus\MicroRabbit.infra.Bus.csproj", "{AC080D45-78E8-446B-960B-08BB9A7367D9}"
EndProject
Project("{FAE04EC0-301F-11D3-BF4B-00C04F79EFBC}") = "Infra.IoC", "MicroRabbit.Infra.IoC\MicroRabbit.Infra.IoC.csproj", "{948BAE9F-6E63-4200-924C-28D770820D27}"
EndProject
Project("{FAE04EC0-301F-11D3-BF4B-00C04F79EFBC}") = "MicroRabbit.Banking.Api", "Microservices\Banking\Api\MicroRabbit.Banking.Api\MicroRabbit.Banking.Api.csproj", "{C8FA467A-801A-42D6-B337-B9613F70C747}"
EndProject
Project("{FAE04EC0-301F-11D3-BF4B-00C04F79EFBC}") = "MicroRabbit.Banking.Application", "Microservices\Banking\Application\MicroRabbit.Banking.Application\MicroRabbit.Banking.Application.csproj", "{A346B352-5AFF-453D-952F-4CD93A46184E}"
EndProject
Project("{FAE04EC0-301F-11D3-BF4B-00C04F79EFBC}") = "MicroRabbit.Banking.Data", "Microservices\Banking\Data\MicroRabbit.Banking.Data\MicroRabbit.Banking.Data.csproj", "{A0D91413-B7AC-4FF8-AF96-22087993AEEF}"
EndProject
Project("{FAE04EC0-301F-11D3-BF4B-00C04F79EFBC}") = "MicroRabbit.Banking.Domain", "Microservices\Banking\Domain\MicroRabbit.Banking.Domain\MicroRabbit.Banking.Domain.csproj", "{160DF404-073C-4DD1-AAC5-2EDA6E3079CA}"
EndProject
Project("{FAE04EC0-301F-11D3-BF4B-00C04F79EFBC}") = "MicroRabbit.Transfer.Api", "Microservices\Transfer\Api\MicroRabbit.Transfer.Api\MicroRabbit.Transfer.Api.csproj", "{D1E3AB25-671E-493B-AE6D-06B129A76735}"
EndProject
Project("{FAE04EC0-301F-11D3-BF4B-00C04F79EFBC}") = "MicroRabbit.Transfer.Application", "Microservices\Transfer\Application\MicroRabbit.Transfer.Application\MicroRabbit.Transfer.Application.csproj", "{71CD3E58-7B7C-4FE7-B2A6-D751F0823F4A}"
EndProject
Project("{FAE04EC0-301F-11D3-BF4B-00C04F79EFBC}") = "MicroRabbit.Transfer.Domain", "Microservices\Transfer\Domain\MicroRabbit.Transfer.Domain\MicroRabbit.Transfer.Domain.csproj", "{92177A40-E8CE-41AB-AA55-FD3ED9B431DE}"
EndProject
Project("{FAE04EC0-301F-11D3-BF4B-00C04F79EFBC}") = "MicroRabbit.Transfer.Data", "Microservices\Transfer\Data\MicroRabbit.Transfer.Data\MicroRabbit.Transfer.Data.csproj", "{EC88ADF4-AF15-4CC0-982D-A88298F77596}"
EndProject
Global
	GlobalSection(SolutionConfigurationPlatforms) = preSolution
		Debug|Any CPU = Debug|Any CPU
		Release|Any CPU = Release|Any CPU
	EndGlobalSection
	GlobalSection(SolutionProperties) = preSolution
		HideSolutionNode = FALSE
	EndGlobalSection
	GlobalSection(ProjectConfigurationPlatforms) = postSolution
		{69E8B01E-D50D-43A1-8A70-287CA07C57A9}.Debug|Any CPU.ActiveCfg = Debug|Any CPU
		{69E8B01E-D50D-43A1-8A70-287CA07C57A9}.Debug|Any CPU.Build.0 = Debug|Any CPU
		{69E8B01E-D50D-43A1-8A70-287CA07C57A9}.Release|Any CPU.ActiveCfg = Release|Any CPU
		{69E8B01E-D50D-43A1-8A70-287CA07C57A9}.Release|Any CPU.Build.0 = Release|Any CPU
		{AC080D45-78E8-446B-960B-08BB9A7367D9}.Debug|Any CPU.ActiveCfg = Debug|Any CPU
		{AC080D45-78E8-446B-960B-08BB9A7367D9}.Debug|Any CPU.Build.0 = Debug|Any CPU
		{AC080D45-78E8-446B-960B-08BB9A7367D9}.Release|Any CPU.ActiveCfg = Release|Any CPU
		{AC080D45-78E8-446B-960B-08BB9A7367D9}.Release|Any CPU.Build.0 = Release|Any CPU
		{948BAE9F-6E63-4200-924C-28D770820D27}.Debug|Any CPU.ActiveCfg = Debug|Any CPU
		{948BAE9F-6E63-4200-924C-28D770820D27}.Debug|Any CPU.Build.0 = Debug|Any CPU
		{948BAE9F-6E63-4200-924C-28D770820D27}.Release|Any CPU.ActiveCfg = Release|Any CPU
		{948BAE9F-6E63-4200-924C-28D770820D27}.Release|Any CPU.Build.0 = Release|Any CPU
		{C8FA467A-801A-42D6-B337-B9613F70C747}.Debug|Any CPU.ActiveCfg = Debug|Any CPU
		{C8FA467A-801A-42D6-B337-B9613F70C747}.Debug|Any CPU.Build.0 = Debug|Any CPU
		{C8FA467A-801A-42D6-B337-B9613F70C747}.Release|Any CPU.ActiveCfg = Release|Any CPU
		{C8FA467A-801A-42D6-B337-B9613F70C747}.Release|Any CPU.Build.0 = Release|Any CPU
		{A346B352-5AFF-453D-952F-4CD93A46184E}.Debug|Any CPU.ActiveCfg = Debug|Any CPU
		{A346B352-5AFF-453D-952F-4CD93A46184E}.Debug|Any CPU.Build.0 = Debug|Any CPU
		{A346B352-5AFF-453D-952F-4CD93A46184E}.Release|Any CPU.ActiveCfg = Release|Any CPU
		{A346B352-5AFF-453D-952F-4CD93A46184E}.Release|Any CPU.Build.0 = Release|Any CPU
		{A0D91413-B7AC-4FF8-AF96-22087993AEEF}.Debug|Any CPU.ActiveCfg = Debug|Any CPU
		{A0D91413-B7AC-4FF8-AF96-22087993AEEF}.Debug|Any CPU.Build.0 = Debug|Any CPU
		{A0D91413-B7AC-4FF8-AF96-22087993AEEF}.Release|Any CPU.ActiveCfg = Release|Any CPU
		{A0D91413-B7AC-4FF8-AF96-22087993AEEF}.Release|Any CPU.Build.0 = Release|Any CPU
		{160DF404-073C-4DD1-AAC5-2EDA6E3079CA}.Debug|Any CPU.ActiveCfg = Debug|Any CPU
		{160DF404-073C-4DD1-AAC5-2EDA6E3079CA}.Debug|Any CPU.Build.0 = Debug|Any CPU
		{160DF404-073C-4DD1-AAC5-2EDA6E3079CA}.Release|Any CPU.ActiveCfg = Release|Any CPU
		{160DF404-073C-4DD1-AAC5-2EDA6E3079CA}.Release|Any CPU.Build.0 = Release|Any CPU
		{D1E3AB25-671E-493B-AE6D-06B129A76735}.Debug|Any CPU.ActiveCfg = Debug|Any CPU
		{D1E3AB25-671E-493B-AE6D-06B129A76735}.Debug|Any CPU.Build.0 = Debug|Any CPU
		{D1E3AB25-671E-493B-AE6D-06B129A76735}.Release|Any CPU.ActiveCfg = Release|Any CPU
		{D1E3AB25-671E-493B-AE6D-06B129A76735}.Release|Any CPU.Build.0 = Release|Any CPU
		{71CD3E58-7B7C-4FE7-B2A6-D751F0823F4A}.Debug|Any CPU.ActiveCfg = Debug|Any CPU
		{71CD3E58-7B7C-4FE7-B2A6-D751F0823F4A}.Debug|Any CPU.Build.0 = Debug|Any CPU
		{71CD3E58-7B7C-4FE7-B2A6-D751F0823F4A}.Release|Any CPU.ActiveCfg = Release|Any CPU
		{71CD3E58-7B7C-4FE7-B2A6-D751F0823F4A}.Release|Any CPU.Build.0 = Release|Any CPU
		{92177A40-E8CE-41AB-AA55-FD3ED9B431DE}.Debug|Any CPU.ActiveCfg = Debug|Any CPU
		{92177A40-E8CE-41AB-AA55-FD3ED9B431DE}.Debug|Any CPU.Build.0 = Debug|Any CPU
		{92177A40-E8CE-41AB-AA55-FD3ED9B431DE}.Release|Any CPU.ActiveCfg = Release|Any CPU
		{92177A40-E8CE-41AB-AA55-FD3ED9B431DE}.Release|Any CPU.Build.0 = Release|Any CPU
		{EC88ADF4-AF15-4CC0-982D-A88298F77596}.Debug|Any CPU.ActiveCfg = Debug|Any CPU
		{EC88ADF4-AF15-4CC0-982D-A88298F77596}.Debug|Any CPU.Build.0 = Debug|Any CPU
		{EC88ADF4-AF15-4CC0-982D-A88298F77596}.Release|Any CPU.ActiveCfg = Release|Any CPU
		{EC88ADF4-AF15-4CC0-982D-A88298F77596}.Release|Any CPU.Build.0 = Release|Any CPU
	EndGlobalSection
EndGlobal
