
Microsoft Visual Studio Solution File, Format Version 12.00
# Visual Studio Version 17
VisualStudioVersion = 17.0.31903.59
MinimumVisualStudioVersion = 10.0.40219.1
Project("{FAE04EC0-301F-11D3-BF4B-00C04F79EFBC}") = "MicroRabbit.Domain.Core", "MicroRabbit.Domain.Core\MicroRabbit.Domain.Core.csproj", "{69E8B01E-D50D-43A1-8A70-287CA07C57A9}"
EndProject
Project("{FAE04EC0-301F-11D3-BF4B-00C04F79EFBC}") = "MicroRabbit.infra.Bus", "MicroRabbit.infra.Bus\MicroRabbit.infra.Bus.csproj", "{AC080D45-78E8-446B-960B-08BB9A7367D9}"
EndProject
Project("{FAE04EC0-301F-11D3-BF4B-00C04F79EFBC}") = "Infra.IoC", "Infra.IoC\Infra.IoC.csproj", "{948BAE9F-6E63-4200-924C-28D770820D27}"
EndProject
Global
	GlobalSection(SolutionConfigurationPlatforms) = preSolution
		Debug|Any CPU = Debug|Any CPU
		Release|Any CPU = Release|Any CPU
	EndGlobalSection
	GlobalSection(SolutionProperties) = preSolution
		HideSolutionNode = FALSE
	EndGlobalSection
	GlobalSection(ProjectConfigurationPlatforms) = postSolution
		{69E8B01E-D50D-43A1-8A70-287CA07C57A9}.Debug|Any CPU.ActiveCfg = Debug|Any CPU
		{69E8B01E-D50D-43A1-8A70-287CA07C57A9}.Debug|Any CPU.Build.0 = Debug|Any CPU
		{69E8B01E-D50D-43A1-8A70-287CA07C57A9}.Release|Any CPU.ActiveCfg = Release|Any CPU
		{69E8B01E-D50D-43A1-8A70-287CA07C57A9}.Release|Any CPU.Build.0 = Release|Any CPU
		{AC080D45-78E8-446B-960B-08BB9A7367D9}.Debug|Any CPU.ActiveCfg = Debug|Any CPU
		{AC080D45-78E8-446B-960B-08BB9A7367D9}.Debug|Any CPU.Build.0 = Debug|Any CPU
		{AC080D45-78E8-446B-960B-08BB9A7367D9}.Release|Any CPU.ActiveCfg = Release|Any CPU
		{AC080D45-78E8-446B-960B-08BB9A7367D9}.Release|Any CPU.Build.0 = Release|Any CPU
		{948BAE9F-6E63-4200-924C-28D770820D27}.Debug|Any CPU.ActiveCfg = Debug|Any CPU
		{948BAE9F-6E63-4200-924C-28D770820D27}.Debug|Any CPU.Build.0 = Debug|Any CPU
		{948BAE9F-6E63-4200-924C-28D770820D27}.Release|Any CPU.ActiveCfg = Release|Any CPU
		{948BAE9F-6E63-4200-924C-28D770820D27}.Release|Any CPU.Build.0 = Release|Any CPU
	EndGlobalSection
EndGlobal
